// !$*UTF8*$!
{
	archiveVersion = 1;
	classes = {
	};
	objectVersion = 51;
	objects = {

/* Begin PBXBuildFile section */
		040B4B9326CAE30800CE2E3E /* AppDelegate.swift in Sources */ = {isa = PBXBuildFile; fileRef = 040B4B9226CAE30800CE2E3E /* AppDelegate.swift */; };
		040B4B9526CAE30800CE2E3E /* SceneDelegate.swift in Sources */ = {isa = PBXBuildFile; fileRef = 040B4B9426CAE30800CE2E3E /* SceneDelegate.swift */; };
		040B4B9726CAE30800CE2E3E /* ViewController.swift in Sources */ = {isa = PBXBuildFile; fileRef = 040B4B9626CAE30800CE2E3E /* ViewController.swift */; };
		040B4B9D26CAE30800CE2E3E /* Piece.xcdatamodeld in Sources */ = {isa = PBXBuildFile; fileRef = 040B4B9B26CAE30800CE2E3E /* Piece.xcdatamodeld */; };
		040B4B9F26CAE30B00CE2E3E /* Assets.xcassets in Resources */ = {isa = PBXBuildFile; fileRef = 040B4B9E26CAE30B00CE2E3E /* Assets.xcassets */; };
		040B4BA226CAE30B00CE2E3E /* LaunchScreen.storyboard in Resources */ = {isa = PBXBuildFile; fileRef = 040B4BA026CAE30B00CE2E3E /* LaunchScreen.storyboard */; };
		040B4BAD26CAE30C00CE2E3E /* PieceTests.swift in Sources */ = {isa = PBXBuildFile; fileRef = 040B4BAC26CAE30C00CE2E3E /* PieceTests.swift */; };
		040B4BB826CAE30C00CE2E3E /* PieceUITests.swift in Sources */ = {isa = PBXBuildFile; fileRef = 040B4BB726CAE30C00CE2E3E /* PieceUITests.swift */; };
		040B4BE426CAE3FD00CE2E3E /* R.generated.swift in Sources */ = {isa = PBXBuildFile; fileRef = 040B4BE326CAE3FD00CE2E3E /* R.generated.swift */; };
		040B4BF626CAE4D600CE2E3E /* AddViewController.swift in Sources */ = {isa = PBXBuildFile; fileRef = 040B4BF226CAE4D600CE2E3E /* AddViewController.swift */; };
		040B4BF726CAE4D600CE2E3E /* AddEventPageControllerViewModel.swift in Sources */ = {isa = PBXBuildFile; fileRef = 040B4BF426CAE4D600CE2E3E /* AddEventPageControllerViewModel.swift */; };
		040B4BF826CAE4D600CE2E3E /* AddEventPageController.swift in Sources */ = {isa = PBXBuildFile; fileRef = 040B4BF526CAE4D600CE2E3E /* AddEventPageController.swift */; };
		040B4C0C26CAF7BC00CE2E3E /* PTitleLabel.swift in Sources */ = {isa = PBXBuildFile; fileRef = 040B4C0B26CAF7BC00CE2E3E /* PTitleLabel.swift */; };
		040B4C1426CAF81100CE2E3E /* AddEventHeaderView.swift in Sources */ = {isa = PBXBuildFile; fileRef = 040B4C1326CAF81100CE2E3E /* AddEventHeaderView.swift */; };
		0418B78C26CC355900D637CC /* PButton.swift in Sources */ = {isa = PBXBuildFile; fileRef = 0418B78B26CC355900D637CC /* PButton.swift */; };
		0418B79526CC386600D637CC /* PTextFieldView.swift in Sources */ = {isa = PBXBuildFile; fileRef = 0418B79426CC386600D637CC /* PTextFieldView.swift */; };
		0418B79D26CC39DE00D637CC /* UnderlineView.swift in Sources */ = {isa = PBXBuildFile; fileRef = 0418B79C26CC39DE00D637CC /* UnderlineView.swift */; };
		04FB642826CC437B0005B70E /* AddEventViewModel.swift in Sources */ = {isa = PBXBuildFile; fileRef = 04FB642726CC437B0005B70E /* AddEventViewModel.swift */; };
		04FB642E26CC447A0005B70E /* Date+Extension.swift in Sources */ = {isa = PBXBuildFile; fileRef = 04FB642D26CC447A0005B70E /* Date+Extension.swift */; };
		04FB643326CC4EF10005B70E /* UILabel+Extension.swift in Sources */ = {isa = PBXBuildFile; fileRef = 04FB643226CC4EF10005B70E /* UILabel+Extension.swift */; };
		32AEB36139648610B16FE879 /* Pods_Piece_PieceUITests.framework in Frameworks */ = {isa = PBXBuildFile; fileRef = BBA55CFCF437FCB0D741F91C /* Pods_Piece_PieceUITests.framework */; };
		45ECA728866BB27E826CB6A0 /* Pods_Piece.framework in Frameworks */ = {isa = PBXBuildFile; fileRef = E85A7E654089EC2EB76033F0 /* Pods_Piece.framework */; };
		A67B09B2C5FB2597BA1A1488 /* Pods_PieceTests.framework in Frameworks */ = {isa = PBXBuildFile; fileRef = F059495D05AA82EB27925312 /* Pods_PieceTests.framework */; };
/* End PBXBuildFile section */

/* Begin PBXContainerItemProxy section */
		040B4BA926CAE30C00CE2E3E /* PBXContainerItemProxy */ = {
			isa = PBXContainerItemProxy;
			containerPortal = 040B4B8726CAE30800CE2E3E /* Project object */;
			proxyType = 1;
			remoteGlobalIDString = 040B4B8E26CAE30800CE2E3E;
			remoteInfo = Piece;
		};
		040B4BB426CAE30C00CE2E3E /* PBXContainerItemProxy */ = {
			isa = PBXContainerItemProxy;
			containerPortal = 040B4B8726CAE30800CE2E3E /* Project object */;
			proxyType = 1;
			remoteGlobalIDString = 040B4B8E26CAE30800CE2E3E;
			remoteInfo = Piece;
		};
/* End PBXContainerItemProxy section */

/* Begin PBXFileReference section */
		040B4B8F26CAE30800CE2E3E /* Piece.app */ = {isa = PBXFileReference; explicitFileType = wrapper.application; includeInIndex = 0; path = Piece.app; sourceTree = BUILT_PRODUCTS_DIR; };
		040B4B9226CAE30800CE2E3E /* AppDelegate.swift */ = {isa = PBXFileReference; lastKnownFileType = sourcecode.swift; path = AppDelegate.swift; sourceTree = "<group>"; };
		040B4B9426CAE30800CE2E3E /* SceneDelegate.swift */ = {isa = PBXFileReference; lastKnownFileType = sourcecode.swift; path = SceneDelegate.swift; sourceTree = "<group>"; };
		040B4B9626CAE30800CE2E3E /* ViewController.swift */ = {isa = PBXFileReference; lastKnownFileType = sourcecode.swift; path = ViewController.swift; sourceTree = "<group>"; };
		040B4B9C26CAE30800CE2E3E /* Piece.xcdatamodel */ = {isa = PBXFileReference; lastKnownFileType = wrapper.xcdatamodel; path = Piece.xcdatamodel; sourceTree = "<group>"; };
		040B4B9E26CAE30B00CE2E3E /* Assets.xcassets */ = {isa = PBXFileReference; lastKnownFileType = folder.assetcatalog; path = Assets.xcassets; sourceTree = "<group>"; };
		040B4BA126CAE30B00CE2E3E /* Base */ = {isa = PBXFileReference; lastKnownFileType = file.storyboard; name = Base; path = Base.lproj/LaunchScreen.storyboard; sourceTree = "<group>"; };
		040B4BA326CAE30B00CE2E3E /* Info.plist */ = {isa = PBXFileReference; lastKnownFileType = text.plist.xml; path = Info.plist; sourceTree = "<group>"; };
		040B4BA826CAE30C00CE2E3E /* PieceTests.xctest */ = {isa = PBXFileReference; explicitFileType = wrapper.cfbundle; includeInIndex = 0; path = PieceTests.xctest; sourceTree = BUILT_PRODUCTS_DIR; };
		040B4BAC26CAE30C00CE2E3E /* PieceTests.swift */ = {isa = PBXFileReference; lastKnownFileType = sourcecode.swift; path = PieceTests.swift; sourceTree = "<group>"; };
		040B4BAE26CAE30C00CE2E3E /* Info.plist */ = {isa = PBXFileReference; lastKnownFileType = text.plist.xml; path = Info.plist; sourceTree = "<group>"; };
		040B4BB326CAE30C00CE2E3E /* PieceUITests.xctest */ = {isa = PBXFileReference; explicitFileType = wrapper.cfbundle; includeInIndex = 0; path = PieceUITests.xctest; sourceTree = BUILT_PRODUCTS_DIR; };
		040B4BB726CAE30C00CE2E3E /* PieceUITests.swift */ = {isa = PBXFileReference; lastKnownFileType = sourcecode.swift; path = PieceUITests.swift; sourceTree = "<group>"; };
		040B4BB926CAE30C00CE2E3E /* Info.plist */ = {isa = PBXFileReference; lastKnownFileType = text.plist.xml; path = Info.plist; sourceTree = "<group>"; };
		040B4BE326CAE3FD00CE2E3E /* R.generated.swift */ = {isa = PBXFileReference; fileEncoding = 4; lastKnownFileType = sourcecode.swift; path = R.generated.swift; sourceTree = "<group>"; };
		040B4BF226CAE4D600CE2E3E /* AddViewController.swift */ = {isa = PBXFileReference; fileEncoding = 4; lastKnownFileType = sourcecode.swift; path = AddViewController.swift; sourceTree = "<group>"; };
		040B4BF426CAE4D600CE2E3E /* AddEventPageControllerViewModel.swift */ = {isa = PBXFileReference; fileEncoding = 4; lastKnownFileType = sourcecode.swift; path = AddEventPageControllerViewModel.swift; sourceTree = "<group>"; };
		040B4BF526CAE4D600CE2E3E /* AddEventPageController.swift */ = {isa = PBXFileReference; fileEncoding = 4; lastKnownFileType = sourcecode.swift; path = AddEventPageController.swift; sourceTree = "<group>"; };
		040B4C0B26CAF7BC00CE2E3E /* PTitleLabel.swift */ = {isa = PBXFileReference; lastKnownFileType = sourcecode.swift; path = PTitleLabel.swift; sourceTree = "<group>"; };
		040B4C1326CAF81100CE2E3E /* AddEventHeaderView.swift */ = {isa = PBXFileReference; lastKnownFileType = sourcecode.swift; path = AddEventHeaderView.swift; sourceTree = "<group>"; };
		0418B78B26CC355900D637CC /* PButton.swift */ = {isa = PBXFileReference; lastKnownFileType = sourcecode.swift; path = PButton.swift; sourceTree = "<group>"; };
		0418B79426CC386600D637CC /* PTextFieldView.swift */ = {isa = PBXFileReference; lastKnownFileType = sourcecode.swift; path = PTextFieldView.swift; sourceTree = "<group>"; };
		0418B79C26CC39DE00D637CC /* UnderlineView.swift */ = {isa = PBXFileReference; lastKnownFileType = sourcecode.swift; path = UnderlineView.swift; sourceTree = "<group>"; };
		04FB642726CC437B0005B70E /* AddEventViewModel.swift */ = {isa = PBXFileReference; lastKnownFileType = sourcecode.swift; path = AddEventViewModel.swift; sourceTree = "<group>"; };
		04FB642D26CC447A0005B70E /* Date+Extension.swift */ = {isa = PBXFileReference; lastKnownFileType = sourcecode.swift; path = "Date+Extension.swift"; sourceTree = "<group>"; };
		04FB643226CC4EF10005B70E /* UILabel+Extension.swift */ = {isa = PBXFileReference; lastKnownFileType = sourcecode.swift; path = "UILabel+Extension.swift"; sourceTree = "<group>"; };
		4774B789288C942D9F6ACCB2 /* Pods-PieceTests.debug.xcconfig */ = {isa = PBXFileReference; includeInIndex = 1; lastKnownFileType = text.xcconfig; name = "Pods-PieceTests.debug.xcconfig"; path = "Target Support Files/Pods-PieceTests/Pods-PieceTests.debug.xcconfig"; sourceTree = "<group>"; };
		4949644B5BFAB43748E17911 /* Pods-Piece.release.xcconfig */ = {isa = PBXFileReference; includeInIndex = 1; lastKnownFileType = text.xcconfig; name = "Pods-Piece.release.xcconfig"; path = "Target Support Files/Pods-Piece/Pods-Piece.release.xcconfig"; sourceTree = "<group>"; };
		4C1350714DBE35199A4AFABC /* Pods-Piece-PieceUITests.debug.xcconfig */ = {isa = PBXFileReference; includeInIndex = 1; lastKnownFileType = text.xcconfig; name = "Pods-Piece-PieceUITests.debug.xcconfig"; path = "Target Support Files/Pods-Piece-PieceUITests/Pods-Piece-PieceUITests.debug.xcconfig"; sourceTree = "<group>"; };
		68C6A507E7C1E41F052B313C /* Pods-Piece.debug.xcconfig */ = {isa = PBXFileReference; includeInIndex = 1; lastKnownFileType = text.xcconfig; name = "Pods-Piece.debug.xcconfig"; path = "Target Support Files/Pods-Piece/Pods-Piece.debug.xcconfig"; sourceTree = "<group>"; };
		86A7B3106D3D8AFEA6D4D7A6 /* Pods-PieceTests.release.xcconfig */ = {isa = PBXFileReference; includeInIndex = 1; lastKnownFileType = text.xcconfig; name = "Pods-PieceTests.release.xcconfig"; path = "Target Support Files/Pods-PieceTests/Pods-PieceTests.release.xcconfig"; sourceTree = "<group>"; };
		AFEAC3FFC36E82F031445115 /* Pods-Piece-PieceUITests.release.xcconfig */ = {isa = PBXFileReference; includeInIndex = 1; lastKnownFileType = text.xcconfig; name = "Pods-Piece-PieceUITests.release.xcconfig"; path = "Target Support Files/Pods-Piece-PieceUITests/Pods-Piece-PieceUITests.release.xcconfig"; sourceTree = "<group>"; };
		BBA55CFCF437FCB0D741F91C /* Pods_Piece_PieceUITests.framework */ = {isa = PBXFileReference; explicitFileType = wrapper.framework; includeInIndex = 0; path = Pods_Piece_PieceUITests.framework; sourceTree = BUILT_PRODUCTS_DIR; };
		E85A7E654089EC2EB76033F0 /* Pods_Piece.framework */ = {isa = PBXFileReference; explicitFileType = wrapper.framework; includeInIndex = 0; path = Pods_Piece.framework; sourceTree = BUILT_PRODUCTS_DIR; };
		F059495D05AA82EB27925312 /* Pods_PieceTests.framework */ = {isa = PBXFileReference; explicitFileType = wrapper.framework; includeInIndex = 0; path = Pods_PieceTests.framework; sourceTree = BUILT_PRODUCTS_DIR; };
/* End PBXFileReference section */

/* Begin PBXFrameworksBuildPhase section */
		040B4B8C26CAE30800CE2E3E /* Frameworks */ = {
			isa = PBXFrameworksBuildPhase;
			buildActionMask = 2147483647;
			files = (
				45ECA728866BB27E826CB6A0 /* Pods_Piece.framework in Frameworks */,
			);
			runOnlyForDeploymentPostprocessing = 0;
		};
		040B4BA526CAE30C00CE2E3E /* Frameworks */ = {
			isa = PBXFrameworksBuildPhase;
			buildActionMask = 2147483647;
			files = (
				A67B09B2C5FB2597BA1A1488 /* Pods_PieceTests.framework in Frameworks */,
			);
			runOnlyForDeploymentPostprocessing = 0;
		};
		040B4BB026CAE30C00CE2E3E /* Frameworks */ = {
			isa = PBXFrameworksBuildPhase;
			buildActionMask = 2147483647;
			files = (
				32AEB36139648610B16FE879 /* Pods_Piece_PieceUITests.framework in Frameworks */,
			);
			runOnlyForDeploymentPostprocessing = 0;
		};
/* End PBXFrameworksBuildPhase section */

/* Begin PBXGroup section */
		040B4B8626CAE30800CE2E3E = {
			isa = PBXGroup;
			children = (
				040B4BE326CAE3FD00CE2E3E /* R.generated.swift */,
				040B4B9126CAE30800CE2E3E /* Piece */,
				040B4BAB26CAE30C00CE2E3E /* PieceTests */,
				040B4BB626CAE30C00CE2E3E /* PieceUITests */,
				040B4B9026CAE30800CE2E3E /* Products */,
				E851CD7CF90DCBEAFBB42684 /* Pods */,
				AB73E4510D23BA3814E055FC /* Frameworks */,
			);
			sourceTree = "<group>";
		};
		040B4B9026CAE30800CE2E3E /* Products */ = {
			isa = PBXGroup;
			children = (
				040B4B8F26CAE30800CE2E3E /* Piece.app */,
				040B4BA826CAE30C00CE2E3E /* PieceTests.xctest */,
				040B4BB326CAE30C00CE2E3E /* PieceUITests.xctest */,
			);
			name = Products;
			sourceTree = "<group>";
		};
		040B4B9126CAE30800CE2E3E /* Piece */ = {
			isa = PBXGroup;
			children = (
				04FB642C26CC44600005B70E /* Extension */,
				040B4C0226CAF77200CE2E3E /* Common */,
				040B4BF026CAE4D600CE2E3E /* Flow */,
				040B4B9226CAE30800CE2E3E /* AppDelegate.swift */,
				040B4B9426CAE30800CE2E3E /* SceneDelegate.swift */,
				040B4B9626CAE30800CE2E3E /* ViewController.swift */,
				040B4B9E26CAE30B00CE2E3E /* Assets.xcassets */,
				040B4BA026CAE30B00CE2E3E /* LaunchScreen.storyboard */,
				040B4BA326CAE30B00CE2E3E /* Info.plist */,
				040B4B9B26CAE30800CE2E3E /* Piece.xcdatamodeld */,
			);
			path = Piece;
			sourceTree = "<group>";
		};
		040B4BAB26CAE30C00CE2E3E /* PieceTests */ = {
			isa = PBXGroup;
			children = (
				040B4BAC26CAE30C00CE2E3E /* PieceTests.swift */,
				040B4BAE26CAE30C00CE2E3E /* Info.plist */,
			);
			path = PieceTests;
			sourceTree = "<group>";
		};
		040B4BB626CAE30C00CE2E3E /* PieceUITests */ = {
			isa = PBXGroup;
			children = (
				040B4BB726CAE30C00CE2E3E /* PieceUITests.swift */,
				040B4BB926CAE30C00CE2E3E /* Info.plist */,
			);
			path = PieceUITests;
			sourceTree = "<group>";
		};
		040B4BF026CAE4D600CE2E3E /* Flow */ = {
			isa = PBXGroup;
			children = (
				0418B78926CC352400D637CC /* New Group */,
				040B4BF126CAE4D600CE2E3E /* AddViewController */,
				040B4BF326CAE4D600CE2E3E /* AddPageController */,
			);
			path = Flow;
			sourceTree = "<group>";
		};
		040B4BF126CAE4D600CE2E3E /* AddViewController */ = {
			isa = PBXGroup;
			children = (
				040B4BF226CAE4D600CE2E3E /* AddViewController.swift */,
				04FB642726CC437B0005B70E /* AddEventViewModel.swift */,
			);
			path = AddViewController;
			sourceTree = "<group>";
		};
		040B4BF326CAE4D600CE2E3E /* AddPageController */ = {
			isa = PBXGroup;
			children = (
				040B4BF426CAE4D600CE2E3E /* AddEventPageControllerViewModel.swift */,
				040B4BF526CAE4D600CE2E3E /* AddEventPageController.swift */,
			);
			path = AddPageController;
			sourceTree = "<group>";
		};
		040B4C0226CAF77200CE2E3E /* Common */ = {
			isa = PBXGroup;
			children = (
				040B4C0326CAF77700CE2E3E /* UI */,
			);
			path = Common;
			sourceTree = "<group>";
		};
		040B4C0326CAF77700CE2E3E /* UI */ = {
			isa = PBXGroup;
			children = (
				0418B79326CC385800D637CC /* TextField */,
				0418B78A26CC354600D637CC /* Button */,
				040B4C0A26CAF7AF00CE2E3E /* Label */,
				040B4C0426CAF78400CE2E3E /* View */,
			);
			path = UI;
			sourceTree = "<group>";
		};
		040B4C0426CAF78400CE2E3E /* View */ = {
			isa = PBXGroup;
			children = (
				040B4C1326CAF81100CE2E3E /* AddEventHeaderView.swift */,
				0418B79C26CC39DE00D637CC /* UnderlineView.swift */,
			);
			path = View;
			sourceTree = "<group>";
		};
		040B4C0A26CAF7AF00CE2E3E /* Label */ = {
			isa = PBXGroup;
			children = (
				040B4C0B26CAF7BC00CE2E3E /* PTitleLabel.swift */,
			);
			path = Label;
			sourceTree = "<group>";
		};
		0418B78926CC352400D637CC /* New Group */ = {
			isa = PBXGroup;
			children = (
			);
			path = "New Group";
			sourceTree = "<group>";
		};
		0418B78A26CC354600D637CC /* Button */ = {
			isa = PBXGroup;
			children = (
				0418B78B26CC355900D637CC /* PButton.swift */,
			);
			path = Button;
			sourceTree = "<group>";
		};
		0418B79326CC385800D637CC /* TextField */ = {
			isa = PBXGroup;
			children = (
				0418B79426CC386600D637CC /* PTextFieldView.swift */,
			);
			path = TextField;
			sourceTree = "<group>";
		};
		04FB642C26CC44600005B70E /* Extension */ = {
			isa = PBXGroup;
			children = (
				04FB642D26CC447A0005B70E /* Date+Extension.swift */,
				04FB643226CC4EF10005B70E /* UILabel+Extension.swift */,
			);
			path = Extension;
			sourceTree = "<group>";
		};
		AB73E4510D23BA3814E055FC /* Frameworks */ = {
			isa = PBXGroup;
			children = (
				E85A7E654089EC2EB76033F0 /* Pods_Piece.framework */,
				BBA55CFCF437FCB0D741F91C /* Pods_Piece_PieceUITests.framework */,
				F059495D05AA82EB27925312 /* Pods_PieceTests.framework */,
			);
			name = Frameworks;
			sourceTree = "<group>";
		};
		E851CD7CF90DCBEAFBB42684 /* Pods */ = {
			isa = PBXGroup;
			children = (
				68C6A507E7C1E41F052B313C /* Pods-Piece.debug.xcconfig */,
				4949644B5BFAB43748E17911 /* Pods-Piece.release.xcconfig */,
				4C1350714DBE35199A4AFABC /* Pods-Piece-PieceUITests.debug.xcconfig */,
				AFEAC3FFC36E82F031445115 /* Pods-Piece-PieceUITests.release.xcconfig */,
				4774B789288C942D9F6ACCB2 /* Pods-PieceTests.debug.xcconfig */,
				86A7B3106D3D8AFEA6D4D7A6 /* Pods-PieceTests.release.xcconfig */,
			);
			path = Pods;
			sourceTree = "<group>";
		};
/* End PBXGroup section */

/* Begin PBXNativeTarget section */
		040B4B8E26CAE30800CE2E3E /* Piece */ = {
			isa = PBXNativeTarget;
			buildConfigurationList = 040B4BBC26CAE30C00CE2E3E /* Build configuration list for PBXNativeTarget "Piece" */;
			buildPhases = (
				5E2DCFAC72BF7FF363FE2151 /* [CP] Check Pods Manifest.lock */,
				040B4BD526CAE37B00CE2E3E /* Rswift */,
				040B4B8B26CAE30800CE2E3E /* Sources */,
				040B4B8C26CAE30800CE2E3E /* Frameworks */,
				040B4B8D26CAE30800CE2E3E /* Resources */,
				1D6F279DC7B1CA97541813C9 /* [CP] Embed Pods Frameworks */,
				040B4BD626CAE37C00CE2E3E /* ShellScript */,
			);
			buildRules = (
			);
			dependencies = (
			);
			name = Piece;
			productName = Piece;
			productReference = 040B4B8F26CAE30800CE2E3E /* Piece.app */;
			productType = "com.apple.product-type.application";
		};
		040B4BA726CAE30C00CE2E3E /* PieceTests */ = {
			isa = PBXNativeTarget;
			buildConfigurationList = 040B4BBF26CAE30C00CE2E3E /* Build configuration list for PBXNativeTarget "PieceTests" */;
			buildPhases = (
				5D9A353926863C646CF13E68 /* [CP] Check Pods Manifest.lock */,
				040B4BA426CAE30C00CE2E3E /* Sources */,
				040B4BA526CAE30C00CE2E3E /* Frameworks */,
				040B4BA626CAE30C00CE2E3E /* Resources */,
			);
			buildRules = (
			);
			dependencies = (
				040B4BAA26CAE30C00CE2E3E /* PBXTargetDependency */,
			);
			name = PieceTests;
			productName = PieceTests;
			productReference = 040B4BA826CAE30C00CE2E3E /* PieceTests.xctest */;
			productType = "com.apple.product-type.bundle.unit-test";
		};
		040B4BB226CAE30C00CE2E3E /* PieceUITests */ = {
			isa = PBXNativeTarget;
			buildConfigurationList = 040B4BC226CAE30C00CE2E3E /* Build configuration list for PBXNativeTarget "PieceUITests" */;
			buildPhases = (
				3587313D811A27C89AACF171 /* [CP] Check Pods Manifest.lock */,
				040B4BAF26CAE30C00CE2E3E /* Sources */,
				040B4BB026CAE30C00CE2E3E /* Frameworks */,
				040B4BB126CAE30C00CE2E3E /* Resources */,
				06A4AB40E466CE2077C948BC /* [CP] Embed Pods Frameworks */,
			);
			buildRules = (
			);
			dependencies = (
				040B4BB526CAE30C00CE2E3E /* PBXTargetDependency */,
			);
			name = PieceUITests;
			productName = PieceUITests;
			productReference = 040B4BB326CAE30C00CE2E3E /* PieceUITests.xctest */;
			productType = "com.apple.product-type.bundle.ui-testing";
		};
/* End PBXNativeTarget section */

/* Begin PBXProject section */
		040B4B8726CAE30800CE2E3E /* Project object */ = {
			isa = PBXProject;
			attributes = {
				LastSwiftUpdateCheck = 1200;
				LastUpgradeCheck = 1200;
				TargetAttributes = {
					040B4B8E26CAE30800CE2E3E = {
						CreatedOnToolsVersion = 12.0;
					};
					040B4BA726CAE30C00CE2E3E = {
						CreatedOnToolsVersion = 12.0;
						TestTargetID = 040B4B8E26CAE30800CE2E3E;
					};
					040B4BB226CAE30C00CE2E3E = {
						CreatedOnToolsVersion = 12.0;
						TestTargetID = 040B4B8E26CAE30800CE2E3E;
					};
				};
			};
			buildConfigurationList = 040B4B8A26CAE30800CE2E3E /* Build configuration list for PBXProject "Piece" */;
			compatibilityVersion = "Xcode 9.3";
			developmentRegion = en;
			hasScannedForEncodings = 0;
			knownRegions = (
				en,
				Base,
			);
			mainGroup = 040B4B8626CAE30800CE2E3E;
			productRefGroup = 040B4B9026CAE30800CE2E3E /* Products */;
			projectDirPath = "";
			projectRoot = "";
			targets = (
				040B4B8E26CAE30800CE2E3E /* Piece */,
				040B4BA726CAE30C00CE2E3E /* PieceTests */,
				040B4BB226CAE30C00CE2E3E /* PieceUITests */,
			);
		};
/* End PBXProject section */

/* Begin PBXResourcesBuildPhase section */
		040B4B8D26CAE30800CE2E3E /* Resources */ = {
			isa = PBXResourcesBuildPhase;
			buildActionMask = 2147483647;
			files = (
				040B4BA226CAE30B00CE2E3E /* LaunchScreen.storyboard in Resources */,
				040B4B9F26CAE30B00CE2E3E /* Assets.xcassets in Resources */,
			);
			runOnlyForDeploymentPostprocessing = 0;
		};
		040B4BA626CAE30C00CE2E3E /* Resources */ = {
			isa = PBXResourcesBuildPhase;
			buildActionMask = 2147483647;
			files = (
			);
			runOnlyForDeploymentPostprocessing = 0;
		};
		040B4BB126CAE30C00CE2E3E /* Resources */ = {
			isa = PBXResourcesBuildPhase;
			buildActionMask = 2147483647;
			files = (
			);
			runOnlyForDeploymentPostprocessing = 0;
		};
/* End PBXResourcesBuildPhase section */

/* Begin PBXShellScriptBuildPhase section */
		040B4BD526CAE37B00CE2E3E /* Rswift */ = {
			isa = PBXShellScriptBuildPhase;
			buildActionMask = 2147483647;
			files = (
			);
			inputFileListPaths = (
			);
			inputPaths = (
				"$TEMP_DIR/rswift-lastrun",
			);
			name = Rswift;
			outputFileListPaths = (
			);
			outputPaths = (
				$SRCROOT/R.generated.swift,
			);
			runOnlyForDeploymentPostprocessing = 0;
			shellPath = /bin/sh;
			shellScript = "\"$PODS_ROOT/R.swift/rswift\" generate \"$SRCROOT/R.generated.swift\"\n";
		};
		040B4BD626CAE37C00CE2E3E /* ShellScript */ = {
			isa = PBXShellScriptBuildPhase;
			buildActionMask = 2147483647;
			files = (
			);
			inputFileListPaths = (
			);
			inputPaths = (
			);
			outputFileListPaths = (
			);
			outputPaths = (
			);
			runOnlyForDeploymentPostprocessing = 0;
			shellPath = /bin/sh;
			shellScript = "";
		};
		06A4AB40E466CE2077C948BC /* [CP] Embed Pods Frameworks */ = {
			isa = PBXShellScriptBuildPhase;
			buildActionMask = 2147483647;
			files = (
			);
			inputFileListPaths = (
				"${PODS_ROOT}/Target Support Files/Pods-Piece-PieceUITests/Pods-Piece-PieceUITests-frameworks-${CONFIGURATION}-input-files.xcfilelist",
			);
			name = "[CP] Embed Pods Frameworks";
			outputFileListPaths = (
				"${PODS_ROOT}/Target Support Files/Pods-Piece-PieceUITests/Pods-Piece-PieceUITests-frameworks-${CONFIGURATION}-output-files.xcfilelist",
			);
			runOnlyForDeploymentPostprocessing = 0;
			shellPath = /bin/sh;
			shellScript = "\"${PODS_ROOT}/Target Support Files/Pods-Piece-PieceUITests/Pods-Piece-PieceUITests-frameworks.sh\"\n";
			showEnvVarsInLog = 0;
		};
		1D6F279DC7B1CA97541813C9 /* [CP] Embed Pods Frameworks */ = {
			isa = PBXShellScriptBuildPhase;
			buildActionMask = 2147483647;
			files = (
			);
			inputFileListPaths = (
				"${PODS_ROOT}/Target Support Files/Pods-Piece/Pods-Piece-frameworks-${CONFIGURATION}-input-files.xcfilelist",
			);
			name = "[CP] Embed Pods Frameworks";
			outputFileListPaths = (
				"${PODS_ROOT}/Target Support Files/Pods-Piece/Pods-Piece-frameworks-${CONFIGURATION}-output-files.xcfilelist",
			);
			runOnlyForDeploymentPostprocessing = 0;
			shellPath = /bin/sh;
			shellScript = "\"${PODS_ROOT}/Target Support Files/Pods-Piece/Pods-Piece-frameworks.sh\"\n";
			showEnvVarsInLog = 0;
		};
		3587313D811A27C89AACF171 /* [CP] Check Pods Manifest.lock */ = {
			isa = PBXShellScriptBuildPhase;
			buildActionMask = 2147483647;
			files = (
			);
			inputFileListPaths = (
			);
			inputPaths = (
				"${PODS_PODFILE_DIR_PATH}/Podfile.lock",
				"${PODS_ROOT}/Manifest.lock",
			);
			name = "[CP] Check Pods Manifest.lock";
			outputFileListPaths = (
			);
			outputPaths = (
				"$(DERIVED_FILE_DIR)/Pods-Piece-PieceUITests-checkManifestLockResult.txt",
			);
			runOnlyForDeploymentPostprocessing = 0;
			shellPath = /bin/sh;
			shellScript = "diff \"${PODS_PODFILE_DIR_PATH}/Podfile.lock\" \"${PODS_ROOT}/Manifest.lock\" > /dev/null\nif [ $? != 0 ] ; then\n    # print error to STDERR\n    echo \"error: The sandbox is not in sync with the Podfile.lock. Run 'pod install' or update your CocoaPods installation.\" >&2\n    exit 1\nfi\n# This output is used by Xcode 'outputs' to avoid re-running this script phase.\necho \"SUCCESS\" > \"${SCRIPT_OUTPUT_FILE_0}\"\n";
			showEnvVarsInLog = 0;
		};
		5D9A353926863C646CF13E68 /* [CP] Check Pods Manifest.lock */ = {
			isa = PBXShellScriptBuildPhase;
			buildActionMask = 2147483647;
			files = (
			);
			inputFileListPaths = (
			);
			inputPaths = (
				"${PODS_PODFILE_DIR_PATH}/Podfile.lock",
				"${PODS_ROOT}/Manifest.lock",
			);
			name = "[CP] Check Pods Manifest.lock";
			outputFileListPaths = (
			);
			outputPaths = (
				"$(DERIVED_FILE_DIR)/Pods-PieceTests-checkManifestLockResult.txt",
			);
			runOnlyForDeploymentPostprocessing = 0;
			shellPath = /bin/sh;
			shellScript = "diff \"${PODS_PODFILE_DIR_PATH}/Podfile.lock\" \"${PODS_ROOT}/Manifest.lock\" > /dev/null\nif [ $? != 0 ] ; then\n    # print error to STDERR\n    echo \"error: The sandbox is not in sync with the Podfile.lock. Run 'pod install' or update your CocoaPods installation.\" >&2\n    exit 1\nfi\n# This output is used by Xcode 'outputs' to avoid re-running this script phase.\necho \"SUCCESS\" > \"${SCRIPT_OUTPUT_FILE_0}\"\n";
			showEnvVarsInLog = 0;
		};
		5E2DCFAC72BF7FF363FE2151 /* [CP] Check Pods Manifest.lock */ = {
			isa = PBXShellScriptBuildPhase;
			buildActionMask = 2147483647;
			files = (
			);
			inputFileListPaths = (
			);
			inputPaths = (
				"${PODS_PODFILE_DIR_PATH}/Podfile.lock",
				"${PODS_ROOT}/Manifest.lock",
			);
			name = "[CP] Check Pods Manifest.lock";
			outputFileListPaths = (
			);
			outputPaths = (
				"$(DERIVED_FILE_DIR)/Pods-Piece-checkManifestLockResult.txt",
			);
			runOnlyForDeploymentPostprocessing = 0;
			shellPath = /bin/sh;
			shellScript = "diff \"${PODS_PODFILE_DIR_PATH}/Podfile.lock\" \"${PODS_ROOT}/Manifest.lock\" > /dev/null\nif [ $? != 0 ] ; then\n    # print error to STDERR\n    echo \"error: The sandbox is not in sync with the Podfile.lock. Run 'pod install' or update your CocoaPods installation.\" >&2\n    exit 1\nfi\n# This output is used by Xcode 'outputs' to avoid re-running this script phase.\necho \"SUCCESS\" > \"${SCRIPT_OUTPUT_FILE_0}\"\n";
			showEnvVarsInLog = 0;
		};
/* End PBXShellScriptBuildPhase section */

/* Begin PBXSourcesBuildPhase section */
		040B4B8B26CAE30800CE2E3E /* Sources */ = {
			isa = PBXSourcesBuildPhase;
			buildActionMask = 2147483647;
			files = (
				040B4B9D26CAE30800CE2E3E /* Piece.xcdatamodeld in Sources */,
				040B4B9726CAE30800CE2E3E /* ViewController.swift in Sources */,
				040B4C1426CAF81100CE2E3E /* AddEventHeaderView.swift in Sources */,
				0418B78C26CC355900D637CC /* PButton.swift in Sources */,
				0418B79526CC386600D637CC /* PTextFieldView.swift in Sources */,
				04FB642E26CC447A0005B70E /* Date+Extension.swift in Sources */,
				040B4BF626CAE4D600CE2E3E /* AddViewController.swift in Sources */,
				040B4BF826CAE4D600CE2E3E /* AddEventPageController.swift in Sources */,
				04FB643326CC4EF10005B70E /* UILabel+Extension.swift in Sources */,
				040B4BE426CAE3FD00CE2E3E /* R.generated.swift in Sources */,
				040B4BF726CAE4D600CE2E3E /* AddEventPageControllerViewModel.swift in Sources */,
				040B4B9326CAE30800CE2E3E /* AppDelegate.swift in Sources */,
				040B4B9526CAE30800CE2E3E /* SceneDelegate.swift in Sources */,
				040B4C0C26CAF7BC00CE2E3E /* PTitleLabel.swift in Sources */,
				0418B79D26CC39DE00D637CC /* UnderlineView.swift in Sources */,
				04FB642826CC437B0005B70E /* AddEventViewModel.swift in Sources */,
			);
			runOnlyForDeploymentPostprocessing = 0;
		};
		040B4BA426CAE30C00CE2E3E /* Sources */ = {
			isa = PBXSourcesBuildPhase;
			buildActionMask = 2147483647;
			files = (
				040B4BAD26CAE30C00CE2E3E /* PieceTests.swift in Sources */,
			);
			runOnlyForDeploymentPostprocessing = 0;
		};
		040B4BAF26CAE30C00CE2E3E /* Sources */ = {
			isa = PBXSourcesBuildPhase;
			buildActionMask = 2147483647;
			files = (
				040B4BB826CAE30C00CE2E3E /* PieceUITests.swift in Sources */,
			);
			runOnlyForDeploymentPostprocessing = 0;
		};
/* End PBXSourcesBuildPhase section */

/* Begin PBXTargetDependency section */
		040B4BAA26CAE30C00CE2E3E /* PBXTargetDependency */ = {
			isa = PBXTargetDependency;
			target = 040B4B8E26CAE30800CE2E3E /* Piece */;
			targetProxy = 040B4BA926CAE30C00CE2E3E /* PBXContainerItemProxy */;
		};
		040B4BB526CAE30C00CE2E3E /* PBXTargetDependency */ = {
			isa = PBXTargetDependency;
			target = 040B4B8E26CAE30800CE2E3E /* Piece */;
			targetProxy = 040B4BB426CAE30C00CE2E3E /* PBXContainerItemProxy */;
		};
/* End PBXTargetDependency section */

/* Begin PBXVariantGroup section */
		040B4BA026CAE30B00CE2E3E /* LaunchScreen.storyboard */ = {
			isa = PBXVariantGroup;
			children = (
				040B4BA126CAE30B00CE2E3E /* Base */,
			);
			name = LaunchScreen.storyboard;
			sourceTree = "<group>";
		};
/* End PBXVariantGroup section */

/* Begin XCBuildConfiguration section */
		040B4BBA26CAE30C00CE2E3E /* Debug */ = {
			isa = XCBuildConfiguration;
			buildSettings = {
				ALWAYS_SEARCH_USER_PATHS = NO;
				CLANG_ANALYZER_NONNULL = YES;
				CLANG_ANALYZER_NUMBER_OBJECT_CONVERSION = YES_AGGRESSIVE;
				CLANG_CXX_LANGUAGE_STANDARD = "gnu++14";
				CLANG_CXX_LIBRARY = "libc++";
				CLANG_ENABLE_MODULES = YES;
				CLANG_ENABLE_OBJC_ARC = YES;
				CLANG_ENABLE_OBJC_WEAK = YES;
				CLANG_WARN_BLOCK_CAPTURE_AUTORELEASING = YES;
				CLANG_WARN_BOOL_CONVERSION = YES;
				CLANG_WARN_COMMA = YES;
				CLANG_WARN_CONSTANT_CONVERSION = YES;
				CLANG_WARN_DEPRECATED_OBJC_IMPLEMENTATIONS = YES;
				CLANG_WARN_DIRECT_OBJC_ISA_USAGE = YES_ERROR;
				CLANG_WARN_DOCUMENTATION_COMMENTS = YES;
				CLANG_WARN_EMPTY_BODY = YES;
				CLANG_WARN_ENUM_CONVERSION = YES;
				CLANG_WARN_INFINITE_RECURSION = YES;
				CLANG_WARN_INT_CONVERSION = YES;
				CLANG_WARN_NON_LITERAL_NULL_CONVERSION = YES;
				CLANG_WARN_OBJC_IMPLICIT_RETAIN_SELF = YES;
				CLANG_WARN_OBJC_LITERAL_CONVERSION = YES;
				CLANG_WARN_OBJC_ROOT_CLASS = YES_ERROR;
				CLANG_WARN_QUOTED_INCLUDE_IN_FRAMEWORK_HEADER = YES;
				CLANG_WARN_RANGE_LOOP_ANALYSIS = YES;
				CLANG_WARN_STRICT_PROTOTYPES = YES;
				CLANG_WARN_SUSPICIOUS_MOVE = YES;
				CLANG_WARN_UNGUARDED_AVAILABILITY = YES_AGGRESSIVE;
				CLANG_WARN_UNREACHABLE_CODE = YES;
				CLANG_WARN__DUPLICATE_METHOD_MATCH = YES;
				COPY_PHASE_STRIP = NO;
				DEBUG_INFORMATION_FORMAT = dwarf;
				ENABLE_STRICT_OBJC_MSGSEND = YES;
				ENABLE_TESTABILITY = YES;
				GCC_C_LANGUAGE_STANDARD = gnu11;
				GCC_DYNAMIC_NO_PIC = NO;
				GCC_NO_COMMON_BLOCKS = YES;
				GCC_OPTIMIZATION_LEVEL = 0;
				GCC_PREPROCESSOR_DEFINITIONS = (
					"DEBUG=1",
					"$(inherited)",
				);
				GCC_WARN_64_TO_32_BIT_CONVERSION = YES;
				GCC_WARN_ABOUT_RETURN_TYPE = YES_ERROR;
				GCC_WARN_UNDECLARED_SELECTOR = YES;
				GCC_WARN_UNINITIALIZED_AUTOS = YES_AGGRESSIVE;
				GCC_WARN_UNUSED_FUNCTION = YES;
				GCC_WARN_UNUSED_VARIABLE = YES;
				IPHONEOS_DEPLOYMENT_TARGET = 14.0;
				MTL_ENABLE_DEBUG_INFO = INCLUDE_SOURCE;
				MTL_FAST_MATH = YES;
				ONLY_ACTIVE_ARCH = YES;
				SDKROOT = iphoneos;
				SWIFT_ACTIVE_COMPILATION_CONDITIONS = DEBUG;
				SWIFT_OPTIMIZATION_LEVEL = "-Onone";
			};
			name = Debug;
		};
		040B4BBB26CAE30C00CE2E3E /* Release */ = {
			isa = XCBuildConfiguration;
			buildSettings = {
				ALWAYS_SEARCH_USER_PATHS = NO;
				CLANG_ANALYZER_NONNULL = YES;
				CLANG_ANALYZER_NUMBER_OBJECT_CONVERSION = YES_AGGRESSIVE;
				CLANG_CXX_LANGUAGE_STANDARD = "gnu++14";
				CLANG_CXX_LIBRARY = "libc++";
				CLANG_ENABLE_MODULES = YES;
				CLANG_ENABLE_OBJC_ARC = YES;
				CLANG_ENABLE_OBJC_WEAK = YES;
				CLANG_WARN_BLOCK_CAPTURE_AUTORELEASING = YES;
				CLANG_WARN_BOOL_CONVERSION = YES;
				CLANG_WARN_COMMA = YES;
				CLANG_WARN_CONSTANT_CONVERSION = YES;
				CLANG_WARN_DEPRECATED_OBJC_IMPLEMENTATIONS = YES;
				CLANG_WARN_DIRECT_OBJC_ISA_USAGE = YES_ERROR;
				CLANG_WARN_DOCUMENTATION_COMMENTS = YES;
				CLANG_WARN_EMPTY_BODY = YES;
				CLANG_WARN_ENUM_CONVERSION = YES;
				CLANG_WARN_INFINITE_RECURSION = YES;
				CLANG_WARN_INT_CONVERSION = YES;
				CLANG_WARN_NON_LITERAL_NULL_CONVERSION = YES;
				CLANG_WARN_OBJC_IMPLICIT_RETAIN_SELF = YES;
				CLANG_WARN_OBJC_LITERAL_CONVERSION = YES;
				CLANG_WARN_OBJC_ROOT_CLASS = YES_ERROR;
				CLANG_WARN_QUOTED_INCLUDE_IN_FRAMEWORK_HEADER = YES;
				CLANG_WARN_RANGE_LOOP_ANALYSIS = YES;
				CLANG_WARN_STRICT_PROTOTYPES = YES;
				CLANG_WARN_SUSPICIOUS_MOVE = YES;
				CLANG_WARN_UNGUARDED_AVAILABILITY = YES_AGGRESSIVE;
				CLANG_WARN_UNREACHABLE_CODE = YES;
				CLANG_WARN__DUPLICATE_METHOD_MATCH = YES;
				COPY_PHASE_STRIP = NO;
				DEBUG_INFORMATION_FORMAT = "dwarf-with-dsym";
				ENABLE_NS_ASSERTIONS = NO;
				ENABLE_STRICT_OBJC_MSGSEND = YES;
				GCC_C_LANGUAGE_STANDARD = gnu11;
				GCC_NO_COMMON_BLOCKS = YES;
				GCC_WARN_64_TO_32_BIT_CONVERSION = YES;
				GCC_WARN_ABOUT_RETURN_TYPE = YES_ERROR;
				GCC_WARN_UNDECLARED_SELECTOR = YES;
				GCC_WARN_UNINITIALIZED_AUTOS = YES_AGGRESSIVE;
				GCC_WARN_UNUSED_FUNCTION = YES;
				GCC_WARN_UNUSED_VARIABLE = YES;
				IPHONEOS_DEPLOYMENT_TARGET = 14.0;
				MTL_ENABLE_DEBUG_INFO = NO;
				MTL_FAST_MATH = YES;
				SDKROOT = iphoneos;
				SWIFT_COMPILATION_MODE = wholemodule;
				SWIFT_OPTIMIZATION_LEVEL = "-O";
				VALIDATE_PRODUCT = YES;
			};
			name = Release;
		};
		040B4BBD26CAE30C00CE2E3E /* Debug */ = {
			isa = XCBuildConfiguration;
			baseConfigurationReference = 68C6A507E7C1E41F052B313C /* Pods-Piece.debug.xcconfig */;
			buildSettings = {
				ASSETCATALOG_COMPILER_APPICON_NAME = AppIcon;
				ASSETCATALOG_COMPILER_GLOBAL_ACCENT_COLOR_NAME = AccentColor;
				CODE_SIGN_STYLE = Automatic;
				DEVELOPMENT_TEAM = 8G2FD9CAB9;
				INFOPLIST_FILE = Piece/Info.plist;
				LD_RUNPATH_SEARCH_PATHS = (
					"$(inherited)",
					"@executable_path/Frameworks",
				);
				PRODUCT_BUNDLE_IDENTIFIER = VolodymyrKotsiubenko.Piece;
				PRODUCT_NAME = "$(TARGET_NAME)";
				SWIFT_VERSION = 5.0;
				TARGETED_DEVICE_FAMILY = "1,2";
			};
			name = Debug;
		};
		040B4BBE26CAE30C00CE2E3E /* Release */ = {
			isa = XCBuildConfiguration;
			baseConfigurationReference = 4949644B5BFAB43748E17911 /* Pods-Piece.release.xcconfig */;
			buildSettings = {
				ASSETCATALOG_COMPILER_APPICON_NAME = AppIcon;
				ASSETCATALOG_COMPILER_GLOBAL_ACCENT_COLOR_NAME = AccentColor;
				CODE_SIGN_STYLE = Automatic;
				DEVELOPMENT_TEAM = 8G2FD9CAB9;
				INFOPLIST_FILE = Piece/Info.plist;
				LD_RUNPATH_SEARCH_PATHS = (
					"$(inherited)",
					"@executable_path/Frameworks",
				);
				PRODUCT_BUNDLE_IDENTIFIER = VolodymyrKotsiubenko.Piece;
				PRODUCT_NAME = "$(TARGET_NAME)";
				SWIFT_VERSION = 5.0;
				TARGETED_DEVICE_FAMILY = "1,2";
			};
			name = Release;
		};
		040B4BC026CAE30C00CE2E3E /* Debug */ = {
			isa = XCBuildConfiguration;
			baseConfigurationReference = 4774B789288C942D9F6ACCB2 /* Pods-PieceTests.debug.xcconfig */;
			buildSettings = {
				ALWAYS_EMBED_SWIFT_STANDARD_LIBRARIES = YES;
				BUNDLE_LOADER = "$(TEST_HOST)";
				CODE_SIGN_STYLE = Automatic;
				DEVELOPMENT_TEAM = 8G2FD9CAB9;
				INFOPLIST_FILE = PieceTests/Info.plist;
				IPHONEOS_DEPLOYMENT_TARGET = 14.0;
				LD_RUNPATH_SEARCH_PATHS = (
					"$(inherited)",
					"@executable_path/Frameworks",
					"@loader_path/Frameworks",
				);
				PRODUCT_BUNDLE_IDENTIFIER = VolodymyrKotsiubenko.PieceTests;
				PRODUCT_NAME = "$(TARGET_NAME)";
				SWIFT_VERSION = 5.0;
				TARGETED_DEVICE_FAMILY = "1,2";
				TEST_HOST = "$(BUILT_PRODUCTS_DIR)/Piece.app/Piece";
			};
			name = Debug;
		};
		040B4BC126CAE30C00CE2E3E /* Release */ = {
			isa = XCBuildConfiguration;
			baseConfigurationReference = 86A7B3106D3D8AFEA6D4D7A6 /* Pods-PieceTests.release.xcconfig */;
			buildSettings = {
				ALWAYS_EMBED_SWIFT_STANDARD_LIBRARIES = YES;
				BUNDLE_LOADER = "$(TEST_HOST)";
				CODE_SIGN_STYLE = Automatic;
				DEVELOPMENT_TEAM = 8G2FD9CAB9;
				INFOPLIST_FILE = PieceTests/Info.plist;
				IPHONEOS_DEPLOYMENT_TARGET = 14.0;
				LD_RUNPATH_SEARCH_PATHS = (
					"$(inherited)",
					"@executable_path/Frameworks",
					"@loader_path/Frameworks",
				);
				PRODUCT_BUNDLE_IDENTIFIER = VolodymyrKotsiubenko.PieceTests;
				PRODUCT_NAME = "$(TARGET_NAME)";
				SWIFT_VERSION = 5.0;
				TARGETED_DEVICE_FAMILY = "1,2";
				TEST_HOST = "$(BUILT_PRODUCTS_DIR)/Piece.app/Piece";
			};
			name = Release;
		};
		040B4BC326CAE30C00CE2E3E /* Debug */ = {
			isa = XCBuildConfiguration;
			baseConfigurationReference = 4C1350714DBE35199A4AFABC /* Pods-Piece-PieceUITests.debug.xcconfig */;
			buildSettings = {
				ALWAYS_EMBED_SWIFT_STANDARD_LIBRARIES = YES;
				CODE_SIGN_STYLE = Automatic;
				DEVELOPMENT_TEAM = 8G2FD9CAB9;
				INFOPLIST_FILE = PieceUITests/Info.plist;
				LD_RUNPATH_SEARCH_PATHS = (
					"$(inherited)",
					"@executable_path/Frameworks",
					"@loader_path/Frameworks",
				);
				PRODUCT_BUNDLE_IDENTIFIER = VolodymyrKotsiubenko.PieceUITests;
				PRODUCT_NAME = "$(TARGET_NAME)";
				SWIFT_VERSION = 5.0;
				TARGETED_DEVICE_FAMILY = "1,2";
				TEST_TARGET_NAME = Piece;
			};
			name = Debug;
		};
		040B4BC426CAE30C00CE2E3E /* Release */ = {
			isa = XCBuildConfiguration;
			baseConfigurationReference = AFEAC3FFC36E82F031445115 /* Pods-Piece-PieceUITests.release.xcconfig */;
			buildSettings = {
				ALWAYS_EMBED_SWIFT_STANDARD_LIBRARIES = YES;
				CODE_SIGN_STYLE = Automatic;
				DEVELOPMENT_TEAM = 8G2FD9CAB9;
				INFOPLIST_FILE = PieceUITests/Info.plist;
				LD_RUNPATH_SEARCH_PATHS = (
					"$(inherited)",
					"@executable_path/Frameworks",
					"@loader_path/Frameworks",
				);
				PRODUCT_BUNDLE_IDENTIFIER = VolodymyrKotsiubenko.PieceUITests;
				PRODUCT_NAME = "$(TARGET_NAME)";
				SWIFT_VERSION = 5.0;
				TARGETED_DEVICE_FAMILY = "1,2";
				TEST_TARGET_NAME = Piece;
			};
			name = Release;
		};
/* End XCBuildConfiguration section */

/* Begin XCConfigurationList section */
		040B4B8A26CAE30800CE2E3E /* Build configuration list for PBXProject "Piece" */ = {
			isa = XCConfigurationList;
			buildConfigurations = (
				040B4BBA26CAE30C00CE2E3E /* Debug */,
				040B4BBB26CAE30C00CE2E3E /* Release */,
			);
			defaultConfigurationIsVisible = 0;
			defaultConfigurationName = Release;
		};
		040B4BBC26CAE30C00CE2E3E /* Build configuration list for PBXNativeTarget "Piece" */ = {
			isa = XCConfigurationList;
			buildConfigurations = (
				040B4BBD26CAE30C00CE2E3E /* Debug */,
				040B4BBE26CAE30C00CE2E3E /* Release */,
			);
			defaultConfigurationIsVisible = 0;
			defaultConfigurationName = Release;
		};
		040B4BBF26CAE30C00CE2E3E /* Build configuration list for PBXNativeTarget "PieceTests" */ = {
			isa = XCConfigurationList;
			buildConfigurations = (
				040B4BC026CAE30C00CE2E3E /* Debug */,
				040B4BC126CAE30C00CE2E3E /* Release */,
			);
			defaultConfigurationIsVisible = 0;
			defaultConfigurationName = Release;
		};
		040B4BC226CAE30C00CE2E3E /* Build configuration list for PBXNativeTarget "PieceUITests" */ = {
			isa = XCConfigurationList;
			buildConfigurations = (
				040B4BC326CAE30C00CE2E3E /* Debug */,
				040B4BC426CAE30C00CE2E3E /* Release */,
			);
			defaultConfigurationIsVisible = 0;
			defaultConfigurationName = Release;
		};
/* End XCConfigurationList section */

/* Begin XCVersionGroup section */
		040B4B9B26CAE30800CE2E3E /* Piece.xcdatamodeld */ = {
			isa = XCVersionGroup;
			children = (
				040B4B9C26CAE30800CE2E3E /* Piece.xcdatamodel */,
			);
			currentVersion = 040B4B9C26CAE30800CE2E3E /* Piece.xcdatamodel */;
			path = Piece.xcdatamodeld;
			sourceTree = "<group>";
			versionGroupType = wrapper.xcdatamodel;
		};
/* End XCVersionGroup section */
	};
	rootObject = 040B4B8726CAE30800CE2E3E /* Project object */;
}
